
Microsoft Visual Studio Solution File, Format Version 12.00
# Visual Studio Version 16
VisualStudioVersion = 16.0.28803.202
MinimumVisualStudioVersion = 10.0.40219.1
Project("{9A19103F-16F7-4668-BE54-9A1E7A4F7556}") = "JMovies.Web.UI", "JMovies.Web.UI\JMovies.Web.UI.csproj", "{180550B3-B3A8-4D15-AA0F-CC4C5706789B}"
EndProject
Project("{9A19103F-16F7-4668-BE54-9A1E7A4F7556}") = "JMovies.Entities", "JMovies.Entities\JMovies.Entities.csproj", "{0C00D132-A7DA-4E7D-A028-727366FEC4ED}"
EndProject
Project("{9A19103F-16F7-4668-BE54-9A1E7A4F7556}") = "JMovies.Configuration", "JMovies.Configuration\JMovies.Configuration.csproj", "{E5A9DE6B-A054-41F3-9357-4EE73ACE2696}"
EndProject
Project("{9A19103F-16F7-4668-BE54-9A1E7A4F7556}") = "JMovies.Utilities", "JMovies.Utilities\JMovies.Utilities.csproj", "{030B5455-35DB-47C3-893F-A25572C9DF8F}"
EndProject
Project("{9A19103F-16F7-4668-BE54-9A1E7A4F7556}") = "JMovies.Common", "JMovies.Common\JMovies.Common.csproj", "{22568F02-DB39-40D5-8B8B-F126283BFCB7}"
EndProject
Project("{9A19103F-16F7-4668-BE54-9A1E7A4F7556}") = "JMovies.Web", "JMovies.Web\JMovies.Web.csproj", "{AE90DC25-B4E6-46F9-9E5A-C26785D9B7AA}"
EndProject
Project("{9A19103F-16F7-4668-BE54-9A1E7A4F7556}") = "JMovies.App", "JMovies.App\JMovies.App.csproj", "{0811EA81-D0EA-4C54-B6FC-BDEFCA9D081E}"
EndProject
Project("{9A19103F-16F7-4668-BE54-9A1E7A4F7556}") = "JMovies.App.Business", "JMovies.App.Business\JMovies.App.Business.csproj", "{DD22039A-775A-4228-A789-48DA8107828B}"
EndProject
Project("{9A19103F-16F7-4668-BE54-9A1E7A4F7556}") = "JMovies.DataAccess", "JMovies.DataAccess\JMovies.DataAccess.csproj", "{F298CE46-B67C-4677-A305-7FB914AC3F94}"
EndProject
Project("{9A19103F-16F7-4668-BE54-9A1E7A4F7556}") = "JMovies.Tests", "JMovies.Tests\JMovies.Tests.csproj", "{8E2EF9E9-E792-41D3-8889-DE08EF324B98}"
EndProject
Project("{2150E333-8FDC-42A3-9474-1A3956D46DE8}") = "Jobs", "Jobs", "{842053A4-193C-468F-B979-E0C6F55BBB48}"
EndProject
Project("{9A19103F-16F7-4668-BE54-9A1E7A4F7556}") = "JMovies.Jobs.IMDB.ProductionPersister", "Jobs\JMovies.Jobs.IMDB.ProductionPersister\JMovies.Jobs.IMDB.ProductionPersister.csproj", "{F85067B8-0C2C-41DD-AAC8-93DB8D106303}"
EndProject
Project("{9A19103F-16F7-4668-BE54-9A1E7A4F7556}") = "JMovies.Jobs.Common", "Jobs\JMovies.Jobs.Common\JMovies.Jobs.Common.csproj", "{E49DEB63-A714-409B-9DA7-39791F6FA50B}"
EndProject
Project("{FAE04EC0-301F-11D3-BF4B-00C04F79EFBC}") = "JMovies.Jobs.IMDB.PersonPersister", "JMovies.Jobs.IMDB.PersonPersister\JMovies.Jobs.IMDB.PersonPersister.csproj", "{AD0F7257-0A32-4D39-A9BC-1D05A6CA083D}"
EndProject
Global
	GlobalSection(SolutionConfigurationPlatforms) = preSolution
		Debug|Any CPU = Debug|Any CPU
		Release|Any CPU = Release|Any CPU
	EndGlobalSection
	GlobalSection(ProjectConfigurationPlatforms) = postSolution
		{180550B3-B3A8-4D15-AA0F-CC4C5706789B}.Debug|Any CPU.ActiveCfg = Debug|Any CPU
		{180550B3-B3A8-4D15-AA0F-CC4C5706789B}.Debug|Any CPU.Build.0 = Debug|Any CPU
		{180550B3-B3A8-4D15-AA0F-CC4C5706789B}.Release|Any CPU.ActiveCfg = Release|Any CPU
		{180550B3-B3A8-4D15-AA0F-CC4C5706789B}.Release|Any CPU.Build.0 = Release|Any CPU
		{0C00D132-A7DA-4E7D-A028-727366FEC4ED}.Debug|Any CPU.ActiveCfg = Debug|Any CPU
		{0C00D132-A7DA-4E7D-A028-727366FEC4ED}.Debug|Any CPU.Build.0 = Debug|Any CPU
		{0C00D132-A7DA-4E7D-A028-727366FEC4ED}.Release|Any CPU.ActiveCfg = Release|Any CPU
		{0C00D132-A7DA-4E7D-A028-727366FEC4ED}.Release|Any CPU.Build.0 = Release|Any CPU
		{E5A9DE6B-A054-41F3-9357-4EE73ACE2696}.Debug|Any CPU.ActiveCfg = Debug|Any CPU
		{E5A9DE6B-A054-41F3-9357-4EE73ACE2696}.Debug|Any CPU.Build.0 = Debug|Any CPU
		{E5A9DE6B-A054-41F3-9357-4EE73ACE2696}.Release|Any CPU.ActiveCfg = Release|Any CPU
		{E5A9DE6B-A054-41F3-9357-4EE73ACE2696}.Release|Any CPU.Build.0 = Release|Any CPU
		{030B5455-35DB-47C3-893F-A25572C9DF8F}.Debug|Any CPU.ActiveCfg = Debug|Any CPU
		{030B5455-35DB-47C3-893F-A25572C9DF8F}.Debug|Any CPU.Build.0 = Debug|Any CPU
		{030B5455-35DB-47C3-893F-A25572C9DF8F}.Release|Any CPU.ActiveCfg = Release|Any CPU
		{030B5455-35DB-47C3-893F-A25572C9DF8F}.Release|Any CPU.Build.0 = Release|Any CPU
		{22568F02-DB39-40D5-8B8B-F126283BFCB7}.Debug|Any CPU.ActiveCfg = Debug|Any CPU
		{22568F02-DB39-40D5-8B8B-F126283BFCB7}.Debug|Any CPU.Build.0 = Debug|Any CPU
		{22568F02-DB39-40D5-8B8B-F126283BFCB7}.Release|Any CPU.ActiveCfg = Release|Any CPU
		{22568F02-DB39-40D5-8B8B-F126283BFCB7}.Release|Any CPU.Build.0 = Release|Any CPU
		{AE90DC25-B4E6-46F9-9E5A-C26785D9B7AA}.Debug|Any CPU.ActiveCfg = Debug|Any CPU
		{AE90DC25-B4E6-46F9-9E5A-C26785D9B7AA}.Debug|Any CPU.Build.0 = Debug|Any CPU
		{AE90DC25-B4E6-46F9-9E5A-C26785D9B7AA}.Release|Any CPU.ActiveCfg = Release|Any CPU
		{AE90DC25-B4E6-46F9-9E5A-C26785D9B7AA}.Release|Any CPU.Build.0 = Release|Any CPU
		{0811EA81-D0EA-4C54-B6FC-BDEFCA9D081E}.Debug|Any CPU.ActiveCfg = Debug|Any CPU
		{0811EA81-D0EA-4C54-B6FC-BDEFCA9D081E}.Debug|Any CPU.Build.0 = Debug|Any CPU
		{0811EA81-D0EA-4C54-B6FC-BDEFCA9D081E}.Release|Any CPU.ActiveCfg = Release|Any CPU
		{0811EA81-D0EA-4C54-B6FC-BDEFCA9D081E}.Release|Any CPU.Build.0 = Release|Any CPU
		{DD22039A-775A-4228-A789-48DA8107828B}.Debug|Any CPU.ActiveCfg = Debug|Any CPU
		{DD22039A-775A-4228-A789-48DA8107828B}.Debug|Any CPU.Build.0 = Debug|Any CPU
		{DD22039A-775A-4228-A789-48DA8107828B}.Release|Any CPU.ActiveCfg = Release|Any CPU
		{DD22039A-775A-4228-A789-48DA8107828B}.Release|Any CPU.Build.0 = Release|Any CPU
		{F298CE46-B67C-4677-A305-7FB914AC3F94}.Debug|Any CPU.ActiveCfg = Debug|Any CPU
		{F298CE46-B67C-4677-A305-7FB914AC3F94}.Debug|Any CPU.Build.0 = Debug|Any CPU
		{F298CE46-B67C-4677-A305-7FB914AC3F94}.Release|Any CPU.ActiveCfg = Release|Any CPU
		{F298CE46-B67C-4677-A305-7FB914AC3F94}.Release|Any CPU.Build.0 = Release|Any CPU
		{8E2EF9E9-E792-41D3-8889-DE08EF324B98}.Debug|Any CPU.ActiveCfg = Debug|Any CPU
		{8E2EF9E9-E792-41D3-8889-DE08EF324B98}.Debug|Any CPU.Build.0 = Debug|Any CPU
		{8E2EF9E9-E792-41D3-8889-DE08EF324B98}.Release|Any CPU.ActiveCfg = Release|Any CPU
		{8E2EF9E9-E792-41D3-8889-DE08EF324B98}.Release|Any CPU.Build.0 = Release|Any CPU
		{F85067B8-0C2C-41DD-AAC8-93DB8D106303}.Debug|Any CPU.ActiveCfg = Debug|Any CPU
		{F85067B8-0C2C-41DD-AAC8-93DB8D106303}.Debug|Any CPU.Build.0 = Debug|Any CPU
		{F85067B8-0C2C-41DD-AAC8-93DB8D106303}.Release|Any CPU.ActiveCfg = Release|Any CPU
		{F85067B8-0C2C-41DD-AAC8-93DB8D106303}.Release|Any CPU.Build.0 = Release|Any CPU
		{E49DEB63-A714-409B-9DA7-39791F6FA50B}.Debug|Any CPU.ActiveCfg = Debug|Any CPU
		{E49DEB63-A714-409B-9DA7-39791F6FA50B}.Debug|Any CPU.Build.0 = Debug|Any CPU
		{E49DEB63-A714-409B-9DA7-39791F6FA50B}.Release|Any CPU.ActiveCfg = Release|Any CPU
		{E49DEB63-A714-409B-9DA7-39791F6FA50B}.Release|Any CPU.Build.0 = Release|Any CPU
		{AD0F7257-0A32-4D39-A9BC-1D05A6CA083D}.Debug|Any CPU.ActiveCfg = Debug|Any CPU
		{AD0F7257-0A32-4D39-A9BC-1D05A6CA083D}.Debug|Any CPU.Build.0 = Debug|Any CPU
		{AD0F7257-0A32-4D39-A9BC-1D05A6CA083D}.Release|Any CPU.ActiveCfg = Release|Any CPU
		{AD0F7257-0A32-4D39-A9BC-1D05A6CA083D}.Release|Any CPU.Build.0 = Release|Any CPU
	EndGlobalSection
	GlobalSection(SolutionProperties) = preSolution
		HideSolutionNode = FALSE
	EndGlobalSection
	GlobalSection(NestedProjects) = preSolution
		{F85067B8-0C2C-41DD-AAC8-93DB8D106303} = {842053A4-193C-468F-B979-E0C6F55BBB48}
		{E49DEB63-A714-409B-9DA7-39791F6FA50B} = {842053A4-193C-468F-B979-E0C6F55BBB48}
		{AD0F7257-0A32-4D39-A9BC-1D05A6CA083D} = {842053A4-193C-468F-B979-E0C6F55BBB48}
	EndGlobalSection
	GlobalSection(ExtensibilityGlobals) = postSolution
		SolutionGuid = {26392C10-8D3A-4448-8A9A-57B250C09A73}
	EndGlobalSection
EndGlobal
